
Microsoft Visual Studio Solution File, Format Version 12.00
# Visual Studio Version 16
VisualStudioVersion = 16.0.29613.14
MinimumVisualStudioVersion = 10.0.40219.1
Project("{FAE04EC0-301F-11D3-BF4B-00C04F79EFBC}") = "Chassis Editor", "Chassis Editor.csproj", "{9936835D-0A1D-42DA-8E28-FDAE4BECB835}"
EndProject
Global
	GlobalSection(SolutionConfigurationPlatforms) = preSolution
		Debug|Any CPU = Debug|Any CPU
		Release|Any CPU = Release|Any CPU
	EndGlobalSection
	GlobalSection(ProjectConfigurationPlatforms) = postSolution
		{9936835D-0A1D-42DA-8E28-FDAE4BECB835}.Debug|Any CPU.ActiveCfg = Debug|Any CPU
		{9936835D-0A1D-42DA-8E28-FDAE4BECB835}.Debug|Any CPU.Build.0 = Debug|Any CPU
		{9936835D-0A1D-42DA-8E28-FDAE4BECB835}.Release|Any CPU.ActiveCfg = Release|Any CPU
		{9936835D-0A1D-42DA-8E28-FDAE4BECB835}.Release|Any CPU.Build.0 = Release|Any CPU
	EndGlobalSection
	GlobalSection(SolutionProperties) = preSolution
		HideSolutionNode = FALSE
	EndGlobalSection
	GlobalSection(ExtensibilityGlobals) = postSolution
		SolutionGuid = {05FFFD2C-1018-47E2-A9D4-2C835934CF46}
	EndGlobalSection
EndGlobal
